// !$*UTF8*$!
{
	archiveVersion = 1;
	classes = {
	};
	objectVersion = 46;
	objects = {

/* Begin PBXBuildFile section */
		764098361F3E9E0E002275B3 /* main.m in Sources */ = {isa = PBXBuildFile; fileRef = 764098351F3E9E0E002275B3 /* main.m */; };
		764098391F3E9E0E002275B3 /* AppDelegate.m in Sources */ = {isa = PBXBuildFile; fileRef = 764098381F3E9E0E002275B3 /* AppDelegate.m */; };
		7640983C1F3E9E0F002275B3 /* ViewController.m in Sources */ = {isa = PBXBuildFile; fileRef = 7640983B1F3E9E0F002275B3 /* ViewController.m */; };
		7640983F1F3E9E0F002275B3 /* Main.storyboard in Resources */ = {isa = PBXBuildFile; fileRef = 7640983D1F3E9E0F002275B3 /* Main.storyboard */; };
		764098411F3E9E0F002275B3 /* Assets.xcassets in Resources */ = {isa = PBXBuildFile; fileRef = 764098401F3E9E0F002275B3 /* Assets.xcassets */; };
		764098441F3E9E0F002275B3 /* LaunchScreen.storyboard in Resources */ = {isa = PBXBuildFile; fileRef = 764098421F3E9E0F002275B3 /* LaunchScreen.storyboard */; };
		76A4789E1F5FA2EE00CA351E /* FFAlert.m in Sources */ = {isa = PBXBuildFile; fileRef = 76A478661F5FA2EE00CA351E /* FFAlert.m */; };
		76A4789F1F5FA2EE00CA351E /* NSArray+Log.m in Sources */ = {isa = PBXBuildFile; fileRef = 76A4786C1F5FA2EE00CA351E /* NSArray+Log.m */; };
		76A478A01F5FA2EE00CA351E /* NSAttributedString+CZAdditon.m in Sources */ = {isa = PBXBuildFile; fileRef = 76A4786E1F5FA2EE00CA351E /* NSAttributedString+CZAdditon.m */; };
		76A478A11F5FA2EE00CA351E /* NSObject+CZRuntime.m in Sources */ = {isa = PBXBuildFile; fileRef = 76A478701F5FA2EE00CA351E /* NSObject+CZRuntime.m */; };
		76A478A21F5FA2EE00CA351E /* NSString+CZBase64.m in Sources */ = {isa = PBXBuildFile; fileRef = 76A478721F5FA2EE00CA351E /* NSString+CZBase64.m */; };
		76A478A31F5FA2EE00CA351E /* NSString+CZHash.m in Sources */ = {isa = PBXBuildFile; fileRef = 76A478741F5FA2EE00CA351E /* NSString+CZHash.m */; };
		76A478A41F5FA2EE00CA351E /* NSString+CZPath.m in Sources */ = {isa = PBXBuildFile; fileRef = 76A478761F5FA2EE00CA351E /* NSString+CZPath.m */; };
		76A478A51F5FA2EE00CA351E /* UIButton+CZAddition.m in Sources */ = {isa = PBXBuildFile; fileRef = 76A478781F5FA2EE00CA351E /* UIButton+CZAddition.m */; };
		76A478A61F5FA2EE00CA351E /* UIColor+CZAddition.m in Sources */ = {isa = PBXBuildFile; fileRef = 76A4787A1F5FA2EE00CA351E /* UIColor+CZAddition.m */; };
		76A478A71F5FA2EE00CA351E /* UILabel+CZAddition.m in Sources */ = {isa = PBXBuildFile; fileRef = 76A4787C1F5FA2EE00CA351E /* UILabel+CZAddition.m */; };
		76A478A81F5FA2EE00CA351E /* UIScreen+CZAddition.m in Sources */ = {isa = PBXBuildFile; fileRef = 76A4787E1F5FA2EE00CA351E /* UIScreen+CZAddition.m */; };
		76A478A91F5FA2EE00CA351E /* UIView+CZAddition.m in Sources */ = {isa = PBXBuildFile; fileRef = 76A478801F5FA2EE00CA351E /* UIView+CZAddition.m */; };
		76A478AA1F5FA2EE00CA351E /* UIViewController+CZAddition.m in Sources */ = {isa = PBXBuildFile; fileRef = 76A478821F5FA2EE00CA351E /* UIViewController+CZAddition.m */; };
		76A478AB1F5FA2EE00CA351E /* Bundle+Extensions.swift in Sources */ = {isa = PBXBuildFile; fileRef = 76A478841F5FA2EE00CA351E /* Bundle+Extensions.swift */; };
		76A478AC1F5FA2EE00CA351E /* Date+Extensions.swift in Sources */ = {isa = PBXBuildFile; fileRef = 76A478851F5FA2EE00CA351E /* Date+Extensions.swift */; };
		76A478AD1F5FA2EE00CA351E /* Dictionary+extension.swift in Sources */ = {isa = PBXBuildFile; fileRef = 76A478861F5FA2EE00CA351E /* Dictionary+extension.swift */; };
		76A478AE1F5FA2EE00CA351E /* Double+extension.swift in Sources */ = {isa = PBXBuildFile; fileRef = 76A478871F5FA2EE00CA351E /* Double+extension.swift */; };
		76A478AF1F5FA2EE00CA351E /* FFLoadXibProtocol.swift in Sources */ = {isa = PBXBuildFile; fileRef = 76A478881F5FA2EE00CA351E /* FFLoadXibProtocol.swift */; };
		76A478B01F5FA2EE00CA351E /* FFLocalNotification_Plugin.swift in Sources */ = {isa = PBXBuildFile; fileRef = 76A478891F5FA2EE00CA351E /* FFLocalNotification_Plugin.swift */; };
		76A478B11F5FA2EE00CA351E /* Float+extension.swift in Sources */ = {isa = PBXBuildFile; fileRef = 76A4788A1F5FA2EE00CA351E /* Float+extension.swift */; };
		76A478B21F5FA2EE00CA351E /* Int+extension.swift in Sources */ = {isa = PBXBuildFile; fileRef = 76A4788B1F5FA2EE00CA351E /* Int+extension.swift */; };
		76A478B31F5FA2EE00CA351E /* String+Extensions.swift in Sources */ = {isa = PBXBuildFile; fileRef = 76A4788C1F5FA2EE00CA351E /* String+Extensions.swift */; };
		76A478B41F5FA2EE00CA351E /* UIAlertController+extension.swift in Sources */ = {isa = PBXBuildFile; fileRef = 76A4788D1F5FA2EE00CA351E /* UIAlertController+extension.swift */; };
		76A478B51F5FA2EE00CA351E /* UIBarButtonItem+Extensions.swift in Sources */ = {isa = PBXBuildFile; fileRef = 76A4788E1F5FA2EE00CA351E /* UIBarButtonItem+Extensions.swift */; };
		76A478B61F5FA2EE00CA351E /* UIButton+extension.swift in Sources */ = {isa = PBXBuildFile; fileRef = 76A4788F1F5FA2EE00CA351E /* UIButton+extension.swift */; };
		76A478B71F5FA2EE00CA351E /* UIColor+extension.swift in Sources */ = {isa = PBXBuildFile; fileRef = 76A478901F5FA2EE00CA351E /* UIColor+extension.swift */; };
		76A478B81F5FA2EE00CA351E /* UIImage+Extensions.swift in Sources */ = {isa = PBXBuildFile; fileRef = 76A478911F5FA2EE00CA351E /* UIImage+Extensions.swift */; };
		76A478B91F5FA2EE00CA351E /* UIImageView+Extensions.swift in Sources */ = {isa = PBXBuildFile; fileRef = 76A478921F5FA2EE00CA351E /* UIImageView+Extensions.swift */; };
		76A478BA1F5FA2EE00CA351E /* UISearchBar+Extension.swift in Sources */ = {isa = PBXBuildFile; fileRef = 76A478931F5FA2EE00CA351E /* UISearchBar+Extension.swift */; };
		76A478BB1F5FA2EE00CA351E /* UIView+extension.swift in Sources */ = {isa = PBXBuildFile; fileRef = 76A478941F5FA2EE00CA351E /* UIView+extension.swift */; };
		76A478BC1F5FA2EE00CA351E /* FFMultiColorLoader.m in Sources */ = {isa = PBXBuildFile; fileRef = 76A478971F5FA2EE00CA351E /* FFMultiColorLoader.m */; };
		76A478BD1F5FA2EE00CA351E /* FFRightBlackAlertView.m in Sources */ = {isa = PBXBuildFile; fileRef = 76A478991F5FA2EE00CA351E /* FFRightBlackAlertView.m */; };
		76A478BE1F5FA2EE00CA351E /* UIView+WrongMessage.m in Sources */ = {isa = PBXBuildFile; fileRef = 76A4789B1F5FA2EE00CA351E /* UIView+WrongMessage.m */; };
		76A478BF1F5FA2EE00CA351E /* UIViewController+WrongMessage.m in Sources */ = {isa = PBXBuildFile; fileRef = 76A4789D1F5FA2EE00CA351E /* UIViewController+WrongMessage.m */; };
		76A478D01F5FC4A600CA351E /* UITextView+FFLimitCounter.m in Sources */ = {isa = PBXBuildFile; fileRef = 76A478CD1F5FC4A600CA351E /* UITextView+FFLimitCounter.m */; };
		76A478D11F5FC4A600CA351E /* UITextView+FFPlaceHolder.m in Sources */ = {isa = PBXBuildFile; fileRef = 76A478CF1F5FC4A600CA351E /* UITextView+FFPlaceHolder.m */; };
		76A478D41F5FD35F00CA351E /* FFSliderView.swift in Sources */ = {isa = PBXBuildFile; fileRef = 76A478D31F5FD35F00CA351E /* FFSliderView.swift */; };
		76A4792A1F61318900CA351E /* FFCountDownButton.m in Sources */ = {isa = PBXBuildFile; fileRef = 76A479291F61318900CA351E /* FFCountDownButton.m */; };
		76A4792E1F61386100CA351E /* TestVC.m in Sources */ = {isa = PBXBuildFile; fileRef = 76A4792C1F61386100CA351E /* TestVC.m */; };
		76A4792F1F61386100CA351E /* TestVC.xib in Resources */ = {isa = PBXBuildFile; fileRef = 76A4792D1F61386100CA351E /* TestVC.xib */; };
		76A479321F622A3800CA351E /* NSString+Extension.m in Sources */ = {isa = PBXBuildFile; fileRef = 76A479311F622A3800CA351E /* NSString+Extension.m */; };
/* End PBXBuildFile section */

/* Begin PBXFileReference section */
		764098311F3E9E0E002275B3 /* FFToolModule.app */ = {isa = PBXFileReference; explicitFileType = wrapper.application; includeInIndex = 0; path = FFToolModule.app; sourceTree = BUILT_PRODUCTS_DIR; };
		764098351F3E9E0E002275B3 /* main.m */ = {isa = PBXFileReference; lastKnownFileType = sourcecode.c.objc; path = main.m; sourceTree = "<group>"; };
		764098371F3E9E0E002275B3 /* AppDelegate.h */ = {isa = PBXFileReference; lastKnownFileType = sourcecode.c.h; path = AppDelegate.h; sourceTree = "<group>"; };
		764098381F3E9E0E002275B3 /* AppDelegate.m */ = {isa = PBXFileReference; lastKnownFileType = sourcecode.c.objc; path = AppDelegate.m; sourceTree = "<group>"; };
		7640983A1F3E9E0F002275B3 /* ViewController.h */ = {isa = PBXFileReference; lastKnownFileType = sourcecode.c.h; path = ViewController.h; sourceTree = "<group>"; };
		7640983B1F3E9E0F002275B3 /* ViewController.m */ = {isa = PBXFileReference; lastKnownFileType = sourcecode.c.objc; path = ViewController.m; sourceTree = "<group>"; };
		7640983E1F3E9E0F002275B3 /* Base */ = {isa = PBXFileReference; lastKnownFileType = file.storyboard; name = Base; path = Base.lproj/Main.storyboard; sourceTree = "<group>"; };
		764098401F3E9E0F002275B3 /* Assets.xcassets */ = {isa = PBXFileReference; lastKnownFileType = folder.assetcatalog; path = Assets.xcassets; sourceTree = "<group>"; };
		764098431F3E9E0F002275B3 /* Base */ = {isa = PBXFileReference; lastKnownFileType = file.storyboard; name = Base; path = Base.lproj/LaunchScreen.storyboard; sourceTree = "<group>"; };
		764098451F3E9E0F002275B3 /* Info.plist */ = {isa = PBXFileReference; lastKnownFileType = text.plist.xml; path = Info.plist; sourceTree = "<group>"; };
		76A478631F5F9C5500CA351E /* FFToolModule-Bridging-Header.h */ = {isa = PBXFileReference; fileEncoding = 4; lastKnownFileType = sourcecode.c.h; path = "FFToolModule-Bridging-Header.h"; sourceTree = "<group>"; };
		76A478651F5FA2EE00CA351E /* FFAlert.h */ = {isa = PBXFileReference; fileEncoding = 4; lastKnownFileType = sourcecode.c.h; path = FFAlert.h; sourceTree = "<group>"; };
		76A478661F5FA2EE00CA351E /* FFAlert.m */ = {isa = PBXFileReference; fileEncoding = 4; lastKnownFileType = sourcecode.c.objc; path = FFAlert.m; sourceTree = "<group>"; };
		76A478671F5FA2EE00CA351E /* FFAlertHelper.h */ = {isa = PBXFileReference; fileEncoding = 4; lastKnownFileType = sourcecode.c.h; path = FFAlertHelper.h; sourceTree = "<group>"; };
		76A478691F5FA2EE00CA351E /* FFToolModuleHeader.h */ = {isa = PBXFileReference; fileEncoding = 4; lastKnownFileType = sourcecode.c.h; path = FFToolModuleHeader.h; sourceTree = "<group>"; };
		76A4786B1F5FA2EE00CA351E /* NSArray+Log.h */ = {isa = PBXFileReference; fileEncoding = 4; lastKnownFileType = sourcecode.c.h; path = "NSArray+Log.h"; sourceTree = "<group>"; };
		76A4786C1F5FA2EE00CA351E /* NSArray+Log.m */ = {isa = PBXFileReference; fileEncoding = 4; lastKnownFileType = sourcecode.c.objc; path = "NSArray+Log.m"; sourceTree = "<group>"; };
		76A4786D1F5FA2EE00CA351E /* NSAttributedString+CZAdditon.h */ = {isa = PBXFileReference; fileEncoding = 4; lastKnownFileType = sourcecode.c.h; path = "NSAttributedString+CZAdditon.h"; sourceTree = "<group>"; };
		76A4786E1F5FA2EE00CA351E /* NSAttributedString+CZAdditon.m */ = {isa = PBXFileReference; fileEncoding = 4; lastKnownFileType = sourcecode.c.objc; path = "NSAttributedString+CZAdditon.m"; sourceTree = "<group>"; };
		76A4786F1F5FA2EE00CA351E /* NSObject+CZRuntime.h */ = {isa = PBXFileReference; fileEncoding = 4; lastKnownFileType = sourcecode.c.h; path = "NSObject+CZRuntime.h"; sourceTree = "<group>"; };
		76A478701F5FA2EE00CA351E /* NSObject+CZRuntime.m */ = {isa = PBXFileReference; fileEncoding = 4; lastKnownFileType = sourcecode.c.objc; path = "NSObject+CZRuntime.m"; sourceTree = "<group>"; };
		76A478711F5FA2EE00CA351E /* NSString+CZBase64.h */ = {isa = PBXFileReference; fileEncoding = 4; lastKnownFileType = sourcecode.c.h; path = "NSString+CZBase64.h"; sourceTree = "<group>"; };
		76A478721F5FA2EE00CA351E /* NSString+CZBase64.m */ = {isa = PBXFileReference; fileEncoding = 4; lastKnownFileType = sourcecode.c.objc; path = "NSString+CZBase64.m"; sourceTree = "<group>"; };
		76A478731F5FA2EE00CA351E /* NSString+CZHash.h */ = {isa = PBXFileReference; fileEncoding = 4; lastKnownFileType = sourcecode.c.h; path = "NSString+CZHash.h"; sourceTree = "<group>"; };
		76A478741F5FA2EE00CA351E /* NSString+CZHash.m */ = {isa = PBXFileReference; fileEncoding = 4; lastKnownFileType = sourcecode.c.objc; path = "NSString+CZHash.m"; sourceTree = "<group>"; };
		76A478751F5FA2EE00CA351E /* NSString+CZPath.h */ = {isa = PBXFileReference; fileEncoding = 4; lastKnownFileType = sourcecode.c.h; path = "NSString+CZPath.h"; sourceTree = "<group>"; };
		76A478761F5FA2EE00CA351E /* NSString+CZPath.m */ = {isa = PBXFileReference; fileEncoding = 4; lastKnownFileType = sourcecode.c.objc; path = "NSString+CZPath.m"; sourceTree = "<group>"; };
		76A478771F5FA2EE00CA351E /* UIButton+CZAddition.h */ = {isa = PBXFileReference; fileEncoding = 4; lastKnownFileType = sourcecode.c.h; path = "UIButton+CZAddition.h"; sourceTree = "<group>"; };
		76A478781F5FA2EE00CA351E /* UIButton+CZAddition.m */ = {isa = PBXFileReference; fileEncoding = 4; lastKnownFileType = sourcecode.c.objc; path = "UIButton+CZAddition.m"; sourceTree = "<group>"; };
		76A478791F5FA2EE00CA351E /* UIColor+CZAddition.h */ = {isa = PBXFileReference; fileEncoding = 4; lastKnownFileType = sourcecode.c.h; path = "UIColor+CZAddition.h"; sourceTree = "<group>"; };
		76A4787A1F5FA2EE00CA351E /* UIColor+CZAddition.m */ = {isa = PBXFileReference; fileEncoding = 4; lastKnownFileType = sourcecode.c.objc; path = "UIColor+CZAddition.m"; sourceTree = "<group>"; };
		76A4787B1F5FA2EE00CA351E /* UILabel+CZAddition.h */ = {isa = PBXFileReference; fileEncoding = 4; lastKnownFileType = sourcecode.c.h; path = "UILabel+CZAddition.h"; sourceTree = "<group>"; };
		76A4787C1F5FA2EE00CA351E /* UILabel+CZAddition.m */ = {isa = PBXFileReference; fileEncoding = 4; lastKnownFileType = sourcecode.c.objc; path = "UILabel+CZAddition.m"; sourceTree = "<group>"; };
		76A4787D1F5FA2EE00CA351E /* UIScreen+CZAddition.h */ = {isa = PBXFileReference; fileEncoding = 4; lastKnownFileType = sourcecode.c.h; path = "UIScreen+CZAddition.h"; sourceTree = "<group>"; };
		76A4787E1F5FA2EE00CA351E /* UIScreen+CZAddition.m */ = {isa = PBXFileReference; fileEncoding = 4; lastKnownFileType = sourcecode.c.objc; path = "UIScreen+CZAddition.m"; sourceTree = "<group>"; };
		76A4787F1F5FA2EE00CA351E /* UIView+CZAddition.h */ = {isa = PBXFileReference; fileEncoding = 4; lastKnownFileType = sourcecode.c.h; path = "UIView+CZAddition.h"; sourceTree = "<group>"; };
		76A478801F5FA2EE00CA351E /* UIView+CZAddition.m */ = {isa = PBXFileReference; fileEncoding = 4; lastKnownFileType = sourcecode.c.objc; path = "UIView+CZAddition.m"; sourceTree = "<group>"; };
		76A478811F5FA2EE00CA351E /* UIViewController+CZAddition.h */ = {isa = PBXFileReference; fileEncoding = 4; lastKnownFileType = sourcecode.c.h; path = "UIViewController+CZAddition.h"; sourceTree = "<group>"; };
		76A478821F5FA2EE00CA351E /* UIViewController+CZAddition.m */ = {isa = PBXFileReference; fileEncoding = 4; lastKnownFileType = sourcecode.c.objc; path = "UIViewController+CZAddition.m"; sourceTree = "<group>"; };
		76A478841F5FA2EE00CA351E /* Bundle+Extensions.swift */ = {isa = PBXFileReference; fileEncoding = 4; lastKnownFileType = sourcecode.swift; path = "Bundle+Extensions.swift"; sourceTree = "<group>"; };
		76A478851F5FA2EE00CA351E /* Date+Extensions.swift */ = {isa = PBXFileReference; fileEncoding = 4; lastKnownFileType = sourcecode.swift; path = "Date+Extensions.swift"; sourceTree = "<group>"; };
		76A478861F5FA2EE00CA351E /* Dictionary+extension.swift */ = {isa = PBXFileReference; fileEncoding = 4; lastKnownFileType = sourcecode.swift; path = "Dictionary+extension.swift"; sourceTree = "<group>"; };
		76A478871F5FA2EE00CA351E /* Double+extension.swift */ = {isa = PBXFileReference; fileEncoding = 4; lastKnownFileType = sourcecode.swift; path = "Double+extension.swift"; sourceTree = "<group>"; };
		76A478881F5FA2EE00CA351E /* FFLoadXibProtocol.swift */ = {isa = PBXFileReference; fileEncoding = 4; lastKnownFileType = sourcecode.swift; path = FFLoadXibProtocol.swift; sourceTree = "<group>"; };
		76A478891F5FA2EE00CA351E /* FFLocalNotification_Plugin.swift */ = {isa = PBXFileReference; fileEncoding = 4; lastKnownFileType = sourcecode.swift; path = FFLocalNotification_Plugin.swift; sourceTree = "<group>"; };
		76A4788A1F5FA2EE00CA351E /* Float+extension.swift */ = {isa = PBXFileReference; fileEncoding = 4; lastKnownFileType = sourcecode.swift; path = "Float+extension.swift"; sourceTree = "<group>"; };
		76A4788B1F5FA2EE00CA351E /* Int+extension.swift */ = {isa = PBXFileReference; fileEncoding = 4; lastKnownFileType = sourcecode.swift; path = "Int+extension.swift"; sourceTree = "<group>"; };
		76A4788C1F5FA2EE00CA351E /* String+Extensions.swift */ = {isa = PBXFileReference; fileEncoding = 4; lastKnownFileType = sourcecode.swift; path = "String+Extensions.swift"; sourceTree = "<group>"; };
		76A4788D1F5FA2EE00CA351E /* UIAlertController+extension.swift */ = {isa = PBXFileReference; fileEncoding = 4; lastKnownFileType = sourcecode.swift; path = "UIAlertController+extension.swift"; sourceTree = "<group>"; };
		76A4788E1F5FA2EE00CA351E /* UIBarButtonItem+Extensions.swift */ = {isa = PBXFileReference; fileEncoding = 4; lastKnownFileType = sourcecode.swift; path = "UIBarButtonItem+Extensions.swift"; sourceTree = "<group>"; };
		76A4788F1F5FA2EE00CA351E /* UIButton+extension.swift */ = {isa = PBXFileReference; fileEncoding = 4; lastKnownFileType = sourcecode.swift; path = "UIButton+extension.swift"; sourceTree = "<group>"; };
		76A478901F5FA2EE00CA351E /* UIColor+extension.swift */ = {isa = PBXFileReference; fileEncoding = 4; lastKnownFileType = sourcecode.swift; path = "UIColor+extension.swift"; sourceTree = "<group>"; };
		76A478911F5FA2EE00CA351E /* UIImage+Extensions.swift */ = {isa = PBXFileReference; fileEncoding = 4; lastKnownFileType = sourcecode.swift; path = "UIImage+Extensions.swift"; sourceTree = "<group>"; };
		76A478921F5FA2EE00CA351E /* UIImageView+Extensions.swift */ = {isa = PBXFileReference; fileEncoding = 4; lastKnownFileType = sourcecode.swift; path = "UIImageView+Extensions.swift"; sourceTree = "<group>"; };
		76A478931F5FA2EE00CA351E /* UISearchBar+Extension.swift */ = {isa = PBXFileReference; fileEncoding = 4; lastKnownFileType = sourcecode.swift; path = "UISearchBar+Extension.swift"; sourceTree = "<group>"; };
		76A478941F5FA2EE00CA351E /* UIView+extension.swift */ = {isa = PBXFileReference; fileEncoding = 4; lastKnownFileType = sourcecode.swift; path = "UIView+extension.swift"; sourceTree = "<group>"; };
		76A478961F5FA2EE00CA351E /* FFMultiColorLoader.h */ = {isa = PBXFileReference; fileEncoding = 4; lastKnownFileType = sourcecode.c.h; path = FFMultiColorLoader.h; sourceTree = "<group>"; };
		76A478971F5FA2EE00CA351E /* FFMultiColorLoader.m */ = {isa = PBXFileReference; fileEncoding = 4; lastKnownFileType = sourcecode.c.objc; path = FFMultiColorLoader.m; sourceTree = "<group>"; };
		76A478981F5FA2EE00CA351E /* FFRightBlackAlertView.h */ = {isa = PBXFileReference; fileEncoding = 4; lastKnownFileType = sourcecode.c.h; path = FFRightBlackAlertView.h; sourceTree = "<group>"; };
		76A478991F5FA2EE00CA351E /* FFRightBlackAlertView.m */ = {isa = PBXFileReference; fileEncoding = 4; lastKnownFileType = sourcecode.c.objc; path = FFRightBlackAlertView.m; sourceTree = "<group>"; };
		76A4789A1F5FA2EE00CA351E /* UIView+WrongMessage.h */ = {isa = PBXFileReference; fileEncoding = 4; lastKnownFileType = sourcecode.c.h; path = "UIView+WrongMessage.h"; sourceTree = "<group>"; };
		76A4789B1F5FA2EE00CA351E /* UIView+WrongMessage.m */ = {isa = PBXFileReference; fileEncoding = 4; lastKnownFileType = sourcecode.c.objc; path = "UIView+WrongMessage.m"; sourceTree = "<group>"; };
		76A4789C1F5FA2EE00CA351E /* UIViewController+WrongMessage.h */ = {isa = PBXFileReference; fileEncoding = 4; lastKnownFileType = sourcecode.c.h; path = "UIViewController+WrongMessage.h"; sourceTree = "<group>"; };
		76A4789D1F5FA2EE00CA351E /* UIViewController+WrongMessage.m */ = {isa = PBXFileReference; fileEncoding = 4; lastKnownFileType = sourcecode.c.objc; path = "UIViewController+WrongMessage.m"; sourceTree = "<group>"; };
		76A478CC1F5FC4A600CA351E /* UITextView+FFLimitCounter.h */ = {isa = PBXFileReference; fileEncoding = 4; lastKnownFileType = sourcecode.c.h; path = "UITextView+FFLimitCounter.h"; sourceTree = "<group>"; };
		76A478CD1F5FC4A600CA351E /* UITextView+FFLimitCounter.m */ = {isa = PBXFileReference; fileEncoding = 4; lastKnownFileType = sourcecode.c.objc; path = "UITextView+FFLimitCounter.m"; sourceTree = "<group>"; };
		76A478CE1F5FC4A600CA351E /* UITextView+FFPlaceHolder.h */ = {isa = PBXFileReference; fileEncoding = 4; lastKnownFileType = sourcecode.c.h; path = "UITextView+FFPlaceHolder.h"; sourceTree = "<group>"; };
		76A478CF1F5FC4A600CA351E /* UITextView+FFPlaceHolder.m */ = {isa = PBXFileReference; fileEncoding = 4; lastKnownFileType = sourcecode.c.objc; path = "UITextView+FFPlaceHolder.m"; sourceTree = "<group>"; };
		76A478D31F5FD35F00CA351E /* FFSliderView.swift */ = {isa = PBXFileReference; fileEncoding = 4; lastKnownFileType = sourcecode.swift; path = FFSliderView.swift; sourceTree = "<group>"; };
		76A479281F61318900CA351E /* FFCountDownButton.h */ = {isa = PBXFileReference; fileEncoding = 4; lastKnownFileType = sourcecode.c.h; path = FFCountDownButton.h; sourceTree = "<group>"; };
		76A479291F61318900CA351E /* FFCountDownButton.m */ = {isa = PBXFileReference; fileEncoding = 4; lastKnownFileType = sourcecode.c.objc; path = FFCountDownButton.m; sourceTree = "<group>"; };
		76A4792B1F61386100CA351E /* TestVC.h */ = {isa = PBXFileReference; fileEncoding = 4; lastKnownFileType = sourcecode.c.h; path = TestVC.h; sourceTree = "<group>"; };
		76A4792C1F61386100CA351E /* TestVC.m */ = {isa = PBXFileReference; fileEncoding = 4; lastKnownFileType = sourcecode.c.objc; path = TestVC.m; sourceTree = "<group>"; };
		76A4792D1F61386100CA351E /* TestVC.xib */ = {isa = PBXFileReference; fileEncoding = 4; lastKnownFileType = file.xib; path = TestVC.xib; sourceTree = "<group>"; };
		76A479301F622A3800CA351E /* NSString+Extension.h */ = {isa = PBXFileReference; fileEncoding = 4; lastKnownFileType = sourcecode.c.h; path = "NSString+Extension.h"; sourceTree = "<group>"; };
		76A479311F622A3800CA351E /* NSString+Extension.m */ = {isa = PBXFileReference; fileEncoding = 4; lastKnownFileType = sourcecode.c.objc; path = "NSString+Extension.m"; sourceTree = "<group>"; };
/* End PBXFileReference section */

/* Begin PBXFrameworksBuildPhase section */
		7640982E1F3E9E0E002275B3 /* Frameworks */ = {
			isa = PBXFrameworksBuildPhase;
			buildActionMask = 2147483647;
			files = (
			);
			runOnlyForDeploymentPostprocessing = 0;
		};
/* End PBXFrameworksBuildPhase section */

/* Begin PBXGroup section */
		764098281F3E9E0E002275B3 = {
			isa = PBXGroup;
			children = (
				764098331F3E9E0E002275B3 /* FFToolModule */,
				764098321F3E9E0E002275B3 /* Products */,
			);
			sourceTree = "<group>";
		};
		764098321F3E9E0E002275B3 /* Products */ = {
			isa = PBXGroup;
			children = (
				764098311F3E9E0E002275B3 /* FFToolModule.app */,
			);
			name = Products;
			sourceTree = "<group>";
		};
		764098331F3E9E0E002275B3 /* FFToolModule */ = {
			isa = PBXGroup;
			children = (
				76A479271F61315700CA351E /* FF_CountDownButton */,
				76A478681F5FA2EE00CA351E /* FF_HeaderFile */,
				76A478CB1F5FC4A600CA351E /* FF_TextView_PlaceHolder */,
				76A478D21F5FD35900CA351E /* FF_SliderView */,
				76A478641F5FA2EE00CA351E /* FF_Alert */,
				76A4786A1F5FA2EE00CA351E /* FF_OC_Category */,
				76A478831F5FA2EE00CA351E /* FF_Swfit_Extension */,
				76A478951F5FA2EE00CA351E /* FF_Wrong_Alert */,
				764098371F3E9E0E002275B3 /* AppDelegate.h */,
				764098381F3E9E0E002275B3 /* AppDelegate.m */,
				7640983A1F3E9E0F002275B3 /* ViewController.h */,
				7640983B1F3E9E0F002275B3 /* ViewController.m */,
				76A478631F5F9C5500CA351E /* FFToolModule-Bridging-Header.h */,
				76A4792B1F61386100CA351E /* TestVC.h */,
				76A4792C1F61386100CA351E /* TestVC.m */,
				76A4792D1F61386100CA351E /* TestVC.xib */,
				7640983D1F3E9E0F002275B3 /* Main.storyboard */,
				764098401F3E9E0F002275B3 /* Assets.xcassets */,
				764098421F3E9E0F002275B3 /* LaunchScreen.storyboard */,
				764098451F3E9E0F002275B3 /* Info.plist */,
				764098341F3E9E0E002275B3 /* Supporting Files */,
			);
			path = FFToolModule;
			sourceTree = "<group>";
		};
		764098341F3E9E0E002275B3 /* Supporting Files */ = {
			isa = PBXGroup;
			children = (
				764098351F3E9E0E002275B3 /* main.m */,
			);
			name = "Supporting Files";
			sourceTree = "<group>";
		};
		76A478641F5FA2EE00CA351E /* FF_Alert */ = {
			isa = PBXGroup;
			children = (
				76A478651F5FA2EE00CA351E /* FFAlert.h */,
				76A478661F5FA2EE00CA351E /* FFAlert.m */,
				76A478671F5FA2EE00CA351E /* FFAlertHelper.h */,
			);
			path = FF_Alert;
			sourceTree = "<group>";
		};
		76A478681F5FA2EE00CA351E /* FF_HeaderFile */ = {
			isa = PBXGroup;
			children = (
				76A478691F5FA2EE00CA351E /* FFToolModuleHeader.h */,
			);
			path = FF_HeaderFile;
			sourceTree = "<group>";
		};
		76A4786A1F5FA2EE00CA351E /* FF_OC_Category */ = {
			isa = PBXGroup;
			children = (
				76A4786B1F5FA2EE00CA351E /* NSArray+Log.h */,
				76A4786C1F5FA2EE00CA351E /* NSArray+Log.m */,
				76A4786D1F5FA2EE00CA351E /* NSAttributedString+CZAdditon.h */,
				76A4786E1F5FA2EE00CA351E /* NSAttributedString+CZAdditon.m */,
				76A4786F1F5FA2EE00CA351E /* NSObject+CZRuntime.h */,
				76A478701F5FA2EE00CA351E /* NSObject+CZRuntime.m */,
				76A479301F622A3800CA351E /* NSString+Extension.h */,
				76A479311F622A3800CA351E /* NSString+Extension.m */,
				76A478711F5FA2EE00CA351E /* NSString+CZBase64.h */,
				76A478721F5FA2EE00CA351E /* NSString+CZBase64.m */,
				76A478731F5FA2EE00CA351E /* NSString+CZHash.h */,
				76A478741F5FA2EE00CA351E /* NSString+CZHash.m */,
				76A478751F5FA2EE00CA351E /* NSString+CZPath.h */,
				76A478761F5FA2EE00CA351E /* NSString+CZPath.m */,
				76A478771F5FA2EE00CA351E /* UIButton+CZAddition.h */,
				76A478781F5FA2EE00CA351E /* UIButton+CZAddition.m */,
				76A478791F5FA2EE00CA351E /* UIColor+CZAddition.h */,
				76A4787A1F5FA2EE00CA351E /* UIColor+CZAddition.m */,
				76A4787B1F5FA2EE00CA351E /* UILabel+CZAddition.h */,
				76A4787C1F5FA2EE00CA351E /* UILabel+CZAddition.m */,
				76A4787D1F5FA2EE00CA351E /* UIScreen+CZAddition.h */,
				76A4787E1F5FA2EE00CA351E /* UIScreen+CZAddition.m */,
				76A4787F1F5FA2EE00CA351E /* UIView+CZAddition.h */,
				76A478801F5FA2EE00CA351E /* UIView+CZAddition.m */,
				76A478811F5FA2EE00CA351E /* UIViewController+CZAddition.h */,
				76A478821F5FA2EE00CA351E /* UIViewController+CZAddition.m */,
			);
			path = FF_OC_Category;
			sourceTree = "<group>";
		};
		76A478831F5FA2EE00CA351E /* FF_Swfit_Extension */ = {
			isa = PBXGroup;
			children = (
				76A478841F5FA2EE00CA351E /* Bundle+Extensions.swift */,
				76A478851F5FA2EE00CA351E /* Date+Extensions.swift */,
				76A478861F5FA2EE00CA351E /* Dictionary+extension.swift */,
				76A478871F5FA2EE00CA351E /* Double+extension.swift */,
				76A478881F5FA2EE00CA351E /* FFLoadXibProtocol.swift */,
				76A478891F5FA2EE00CA351E /* FFLocalNotification_Plugin.swift */,
				76A4788A1F5FA2EE00CA351E /* Float+extension.swift */,
				76A4788B1F5FA2EE00CA351E /* Int+extension.swift */,
				76A4788C1F5FA2EE00CA351E /* String+Extensions.swift */,
				76A4788D1F5FA2EE00CA351E /* UIAlertController+extension.swift */,
				76A4788E1F5FA2EE00CA351E /* UIBarButtonItem+Extensions.swift */,
				76A4788F1F5FA2EE00CA351E /* UIButton+extension.swift */,
				76A478901F5FA2EE00CA351E /* UIColor+extension.swift */,
				76A478911F5FA2EE00CA351E /* UIImage+Extensions.swift */,
				76A478921F5FA2EE00CA351E /* UIImageView+Extensions.swift */,
				76A478931F5FA2EE00CA351E /* UISearchBar+Extension.swift */,
				76A478941F5FA2EE00CA351E /* UIView+extension.swift */,
			);
			path = FF_Swfit_Extension;
			sourceTree = "<group>";
		};
		76A478951F5FA2EE00CA351E /* FF_Wrong_Alert */ = {
			isa = PBXGroup;
			children = (
				76A478961F5FA2EE00CA351E /* FFMultiColorLoader.h */,
				76A478971F5FA2EE00CA351E /* FFMultiColorLoader.m */,
				76A478981F5FA2EE00CA351E /* FFRightBlackAlertView.h */,
				76A478991F5FA2EE00CA351E /* FFRightBlackAlertView.m */,
				76A4789A1F5FA2EE00CA351E /* UIView+WrongMessage.h */,
				76A4789B1F5FA2EE00CA351E /* UIView+WrongMessage.m */,
				76A4789C1F5FA2EE00CA351E /* UIViewController+WrongMessage.h */,
				76A4789D1F5FA2EE00CA351E /* UIViewController+WrongMessage.m */,
			);
			path = FF_Wrong_Alert;
			sourceTree = "<group>";
		};
		76A478CB1F5FC4A600CA351E /* FF_TextView_PlaceHolder */ = {
			isa = PBXGroup;
			children = (
				76A478CC1F5FC4A600CA351E /* UITextView+FFLimitCounter.h */,
				76A478CD1F5FC4A600CA351E /* UITextView+FFLimitCounter.m */,
				76A478CE1F5FC4A600CA351E /* UITextView+FFPlaceHolder.h */,
				76A478CF1F5FC4A600CA351E /* UITextView+FFPlaceHolder.m */,
			);
			path = FF_TextView_PlaceHolder;
			sourceTree = "<group>";
		};
		76A478D21F5FD35900CA351E /* FF_SliderView */ = {
			isa = PBXGroup;
			children = (
				76A478D31F5FD35F00CA351E /* FFSliderView.swift */,
			);
			path = FF_SliderView;
			sourceTree = "<group>";
		};
		76A479271F61315700CA351E /* FF_CountDownButton */ = {
			isa = PBXGroup;
			children = (
				76A479281F61318900CA351E /* FFCountDownButton.h */,
				76A479291F61318900CA351E /* FFCountDownButton.m */,
			);
			path = FF_CountDownButton;
			sourceTree = "<group>";
		};
/* End PBXGroup section */

/* Begin PBXNativeTarget section */
		764098301F3E9E0E002275B3 /* FFToolModule */ = {
			isa = PBXNativeTarget;
			buildConfigurationList = 764098481F3E9E0F002275B3 /* Build configuration list for PBXNativeTarget "FFToolModule" */;
			buildPhases = (
				7640982D1F3E9E0E002275B3 /* Sources */,
				7640982E1F3E9E0E002275B3 /* Frameworks */,
				7640982F1F3E9E0E002275B3 /* Resources */,
			);
			buildRules = (
			);
			dependencies = (
			);
			name = FFToolModule;
			productName = FFToolModule;
			productReference = 764098311F3E9E0E002275B3 /* FFToolModule.app */;
			productType = "com.apple.product-type.application";
		};
/* End PBXNativeTarget section */

/* Begin PBXProject section */
		764098291F3E9E0E002275B3 /* Project object */ = {
			isa = PBXProject;
			attributes = {
				LastUpgradeCheck = 0830;
				ORGANIZATIONNAME = "郑强飞";
				TargetAttributes = {
					764098301F3E9E0E002275B3 = {
						CreatedOnToolsVersion = 8.3.3;
						DevelopmentTeam = K98YT9TVZM;
						LastSwiftMigration = 0830;
						ProvisioningStyle = Automatic;
					};
				};
			};
			buildConfigurationList = 7640982C1F3E9E0E002275B3 /* Build configuration list for PBXProject "FFToolModule" */;
			compatibilityVersion = "Xcode 3.2";
			developmentRegion = English;
			hasScannedForEncodings = 0;
			knownRegions = (
				en,
				Base,
			);
			mainGroup = 764098281F3E9E0E002275B3;
			productRefGroup = 764098321F3E9E0E002275B3 /* Products */;
			projectDirPath = "";
			projectRoot = "";
			targets = (
				764098301F3E9E0E002275B3 /* FFToolModule */,
			);
		};
/* End PBXProject section */

/* Begin PBXResourcesBuildPhase section */
		7640982F1F3E9E0E002275B3 /* Resources */ = {
			isa = PBXResourcesBuildPhase;
			buildActionMask = 2147483647;
			files = (
				76A4792F1F61386100CA351E /* TestVC.xib in Resources */,
				764098441F3E9E0F002275B3 /* LaunchScreen.storyboard in Resources */,
				764098411F3E9E0F002275B3 /* Assets.xcassets in Resources */,
				7640983F1F3E9E0F002275B3 /* Main.storyboard in Resources */,
			);
			runOnlyForDeploymentPostprocessing = 0;
		};
/* End PBXResourcesBuildPhase section */

/* Begin PBXSourcesBuildPhase section */
		7640982D1F3E9E0E002275B3 /* Sources */ = {
			isa = PBXSourcesBuildPhase;
			buildActionMask = 2147483647;
			files = (
				76A478BC1F5FA2EE00CA351E /* FFMultiColorLoader.m in Sources */,
				76A478B51F5FA2EE00CA351E /* UIBarButtonItem+Extensions.swift in Sources */,
				76A4789F1F5FA2EE00CA351E /* NSArray+Log.m in Sources */,
				76A478A41F5FA2EE00CA351E /* NSString+CZPath.m in Sources */,
				76A478A31F5FA2EE00CA351E /* NSString+CZHash.m in Sources */,
				76A478D11F5FC4A600CA351E /* UITextView+FFPlaceHolder.m in Sources */,
				76A478AB1F5FA2EE00CA351E /* Bundle+Extensions.swift in Sources */,
				76A4789E1F5FA2EE00CA351E /* FFAlert.m in Sources */,
				76A478A81F5FA2EE00CA351E /* UIScreen+CZAddition.m in Sources */,
				76A478BA1F5FA2EE00CA351E /* UISearchBar+Extension.swift in Sources */,
				76A478A71F5FA2EE00CA351E /* UILabel+CZAddition.m in Sources */,
				76A478A51F5FA2EE00CA351E /* UIButton+CZAddition.m in Sources */,
				76A478B41F5FA2EE00CA351E /* UIAlertController+extension.swift in Sources */,
				76A478A11F5FA2EE00CA351E /* NSObject+CZRuntime.m in Sources */,
				76A478A21F5FA2EE00CA351E /* NSString+CZBase64.m in Sources */,
				76A478B91F5FA2EE00CA351E /* UIImageView+Extensions.swift in Sources */,
				76A478B11F5FA2EE00CA351E /* Float+extension.swift in Sources */,
				76A478B61F5FA2EE00CA351E /* UIButton+extension.swift in Sources */,
				76A478AF1F5FA2EE00CA351E /* FFLoadXibProtocol.swift in Sources */,
				76A478AA1F5FA2EE00CA351E /* UIViewController+CZAddition.m in Sources */,
				76A478BD1F5FA2EE00CA351E /* FFRightBlackAlertView.m in Sources */,
				76A478B01F5FA2EE00CA351E /* FFLocalNotification_Plugin.swift in Sources */,
				76A478AC1F5FA2EE00CA351E /* Date+Extensions.swift in Sources */,
				76A478BE1F5FA2EE00CA351E /* UIView+WrongMessage.m in Sources */,
				76A4792E1F61386100CA351E /* TestVC.m in Sources */,
				76A478B31F5FA2EE00CA351E /* String+Extensions.swift in Sources */,
				76A478BB1F5FA2EE00CA351E /* UIView+extension.swift in Sources */,
				76A478A91F5FA2EE00CA351E /* UIView+CZAddition.m in Sources */,
				76A478A01F5FA2EE00CA351E /* NSAttributedString+CZAdditon.m in Sources */,
				76A478B21F5FA2EE00CA351E /* Int+extension.swift in Sources */,
				76A479321F622A3800CA351E /* NSString+Extension.m in Sources */,
				76A478D01F5FC4A600CA351E /* UITextView+FFLimitCounter.m in Sources */,
				76A478BF1F5FA2EE00CA351E /* UIViewController+WrongMessage.m in Sources */,
				76A478AD1F5FA2EE00CA351E /* Dictionary+extension.swift in Sources */,
				76A478A61F5FA2EE00CA351E /* UIColor+CZAddition.m in Sources */,
				76A478AE1F5FA2EE00CA351E /* Double+extension.swift in Sources */,
				7640983C1F3E9E0F002275B3 /* ViewController.m in Sources */,
				76A4792A1F61318900CA351E /* FFCountDownButton.m in Sources */,
				764098391F3E9E0E002275B3 /* AppDelegate.m in Sources */,
				76A478B81F5FA2EE00CA351E /* UIImage+Extensions.swift in Sources */,
				764098361F3E9E0E002275B3 /* main.m in Sources */,
				76A478B71F5FA2EE00CA351E /* UIColor+extension.swift in Sources */,
				76A478D41F5FD35F00CA351E /* FFSliderView.swift in Sources */,
			);
			runOnlyForDeploymentPostprocessing = 0;
		};
/* End PBXSourcesBuildPhase section */

/* Begin PBXVariantGroup section */
		7640983D1F3E9E0F002275B3 /* Main.storyboard */ = {
			isa = PBXVariantGroup;
			children = (
				7640983E1F3E9E0F002275B3 /* Base */,
			);
			name = Main.storyboard;
			sourceTree = "<group>";
		};
		764098421F3E9E0F002275B3 /* LaunchScreen.storyboard */ = {
			isa = PBXVariantGroup;
			children = (
				764098431F3E9E0F002275B3 /* Base */,
			);
			name = LaunchScreen.storyboard;
			sourceTree = "<group>";
		};
/* End PBXVariantGroup section */

/* Begin XCBuildConfiguration section */
		764098461F3E9E0F002275B3 /* Debug */ = {
			isa = XCBuildConfiguration;
			buildSettings = {
				ALWAYS_SEARCH_USER_PATHS = NO;
				CLANG_ANALYZER_NONNULL = YES;
				CLANG_ANALYZER_NUMBER_OBJECT_CONVERSION = YES_AGGRESSIVE;
				CLANG_CXX_LANGUAGE_STANDARD = "gnu++0x";
				CLANG_CXX_LIBRARY = "libc++";
				CLANG_ENABLE_MODULES = YES;
				CLANG_ENABLE_OBJC_ARC = YES;
				CLANG_WARN_BOOL_CONVERSION = YES;
				CLANG_WARN_CONSTANT_CONVERSION = YES;
				CLANG_WARN_DIRECT_OBJC_ISA_USAGE = YES_ERROR;
				CLANG_WARN_DOCUMENTATION_COMMENTS = YES;
				CLANG_WARN_EMPTY_BODY = YES;
				CLANG_WARN_ENUM_CONVERSION = YES;
				CLANG_WARN_INFINITE_RECURSION = YES;
				CLANG_WARN_INT_CONVERSION = YES;
				CLANG_WARN_OBJC_ROOT_CLASS = YES_ERROR;
				CLANG_WARN_SUSPICIOUS_MOVE = YES;
				CLANG_WARN_UNREACHABLE_CODE = YES;
				CLANG_WARN__DUPLICATE_METHOD_MATCH = YES;
				"CODE_SIGN_IDENTITY[sdk=iphoneos*]" = "iPhone Developer";
				COPY_PHASE_STRIP = NO;
				DEBUG_INFORMATION_FORMAT = dwarf;
				ENABLE_STRICT_OBJC_MSGSEND = YES;
				ENABLE_TESTABILITY = YES;
				GCC_C_LANGUAGE_STANDARD = gnu99;
				GCC_DYNAMIC_NO_PIC = NO;
				GCC_NO_COMMON_BLOCKS = YES;
				GCC_OPTIMIZATION_LEVEL = 0;
				GCC_PREPROCESSOR_DEFINITIONS = (
					"DEBUG=1",
					"$(inherited)",
				);
				GCC_WARN_64_TO_32_BIT_CONVERSION = YES;
				GCC_WARN_ABOUT_RETURN_TYPE = YES_ERROR;
				GCC_WARN_UNDECLARED_SELECTOR = YES;
				GCC_WARN_UNINITIALIZED_AUTOS = YES_AGGRESSIVE;
				GCC_WARN_UNUSED_FUNCTION = YES;
				GCC_WARN_UNUSED_VARIABLE = YES;
				IPHONEOS_DEPLOYMENT_TARGET = 10.3;
				MTL_ENABLE_DEBUG_INFO = YES;
				ONLY_ACTIVE_ARCH = YES;
				SDKROOT = iphoneos;
			};
			name = Debug;
		};
		764098471F3E9E0F002275B3 /* Release */ = {
			isa = XCBuildConfiguration;
			buildSettings = {
				ALWAYS_SEARCH_USER_PATHS = NO;
				CLANG_ANALYZER_NONNULL = YES;
				CLANG_ANALYZER_NUMBER_OBJECT_CONVERSION = YES_AGGRESSIVE;
				CLANG_CXX_LANGUAGE_STANDARD = "gnu++0x";
				CLANG_CXX_LIBRARY = "libc++";
				CLANG_ENABLE_MODULES = YES;
				CLANG_ENABLE_OBJC_ARC = YES;
				CLANG_WARN_BOOL_CONVERSION = YES;
				CLANG_WARN_CONSTANT_CONVERSION = YES;
				CLANG_WARN_DIRECT_OBJC_ISA_USAGE = YES_ERROR;
				CLANG_WARN_DOCUMENTATION_COMMENTS = YES;
				CLANG_WARN_EMPTY_BODY = YES;
				CLANG_WARN_ENUM_CONVERSION = YES;
				CLANG_WARN_INFINITE_RECURSION = YES;
				CLANG_WARN_INT_CONVERSION = YES;
				CLANG_WARN_OBJC_ROOT_CLASS = YES_ERROR;
				CLANG_WARN_SUSPICIOUS_MOVE = YES;
				CLANG_WARN_UNREACHABLE_CODE = YES;
				CLANG_WARN__DUPLICATE_METHOD_MATCH = YES;
				"CODE_SIGN_IDENTITY[sdk=iphoneos*]" = "iPhone Developer";
				COPY_PHASE_STRIP = NO;
				DEBUG_INFORMATION_FORMAT = "dwarf-with-dsym";
				ENABLE_NS_ASSERTIONS = NO;
				ENABLE_STRICT_OBJC_MSGSEND = YES;
				GCC_C_LANGUAGE_STANDARD = gnu99;
				GCC_NO_COMMON_BLOCKS = YES;
				GCC_WARN_64_TO_32_BIT_CONVERSION = YES;
				GCC_WARN_ABOUT_RETURN_TYPE = YES_ERROR;
				GCC_WARN_UNDECLARED_SELECTOR = YES;
				GCC_WARN_UNINITIALIZED_AUTOS = YES_AGGRESSIVE;
				GCC_WARN_UNUSED_FUNCTION = YES;
				GCC_WARN_UNUSED_VARIABLE = YES;
				IPHONEOS_DEPLOYMENT_TARGET = 10.3;
				MTL_ENABLE_DEBUG_INFO = NO;
				SDKROOT = iphoneos;
				VALIDATE_PRODUCT = YES;
			};
			name = Release;
		};
		764098491F3E9E0F002275B3 /* Debug */ = {
			isa = XCBuildConfiguration;
			buildSettings = {
				ASSETCATALOG_COMPILER_APPICON_NAME = AppIcon;
				CLANG_ENABLE_MODULES = YES;
				DEFINES_MODULE = YES;
				DEVELOPMENT_TEAM = K98YT9TVZM;
				INFOPLIST_FILE = FFToolModule/Info.plist;
				IPHONEOS_DEPLOYMENT_TARGET = 9.0;
				LD_RUNPATH_SEARCH_PATHS = "$(inherited) @executable_path/Frameworks";
				PRODUCT_BUNDLE_IDENTIFIER = WX.FFToolModule;
				PRODUCT_NAME = "$(TARGET_NAME)";
				SWIFT_OBJC_BRIDGING_HEADER = "FFToolModule/FFToolModule-Bridging-Header.h";
				SWIFT_OPTIMIZATION_LEVEL = "-Onone";
				SWIFT_VERSION = 3.0;
			};
			name = Debug;
		};
		7640984A1F3E9E0F002275B3 /* Release */ = {
			isa = XCBuildConfiguration;
			buildSettings = {
				ASSETCATALOG_COMPILER_APPICON_NAME = AppIcon;
				CLANG_ENABLE_MODULES = YES;
				DEFINES_MODULE = YES;
				DEVELOPMENT_TEAM = K98YT9TVZM;
				INFOPLIST_FILE = FFToolModule/Info.plist;
				IPHONEOS_DEPLOYMENT_TARGET = 9.0;
				LD_RUNPATH_SEARCH_PATHS = "$(inherited) @executable_path/Frameworks";
				PRODUCT_BUNDLE_IDENTIFIER = WX.FFToolModule;
				PRODUCT_NAME = "$(TARGET_NAME)";
				SWIFT_OBJC_BRIDGING_HEADER = "FFToolModule/FFToolModule-Bridging-Header.h";
				SWIFT_VERSION = 3.0;
			};
			name = Release;
		};
/* End XCBuildConfiguration section */

/* Begin XCConfigurationList section */
		7640982C1F3E9E0E002275B3 /* Build configuration list for PBXProject "FFToolModule" */ = {
			isa = XCConfigurationList;
			buildConfigurations = (
				764098461F3E9E0F002275B3 /* Debug */,
				764098471F3E9E0F002275B3 /* Release */,
			);
			defaultConfigurationIsVisible = 0;
			defaultConfigurationName = Release;
		};
		764098481F3E9E0F002275B3 /* Build configuration list for PBXNativeTarget "FFToolModule" */ = {
			isa = XCConfigurationList;
			buildConfigurations = (
				764098491F3E9E0F002275B3 /* Debug */,
				7640984A1F3E9E0F002275B3 /* Release */,
			);
			defaultConfigurationIsVisible = 0;
			defaultConfigurationName = Release;
		};
/* End XCConfigurationList section */
	};
	rootObject = 764098291F3E9E0E002275B3 /* Project object */;
}
