// !$*UTF8*$!
{
	archiveVersion = 1;
	classes = {
	};
	objectVersion = 46;
	objects = {

/* Begin PBXBuildFile section */
		760D95B51F5F866700D1405D /* FFAlert.m in Sources */ = {isa = PBXBuildFile; fileRef = 760D95B31F5F866700D1405D /* FFAlert.m */; };
		760D95EC1F5F898300D1405D /* NSArray+Log.m in Sources */ = {isa = PBXBuildFile; fileRef = 760D95B91F5F898300D1405D /* NSArray+Log.m */; };
		760D95ED1F5F898300D1405D /* NSAttributedString+CZAdditon.m in Sources */ = {isa = PBXBuildFile; fileRef = 760D95BB1F5F898300D1405D /* NSAttributedString+CZAdditon.m */; };
		760D95EE1F5F898300D1405D /* NSObject+CZRuntime.m in Sources */ = {isa = PBXBuildFile; fileRef = 760D95BD1F5F898300D1405D /* NSObject+CZRuntime.m */; };
		760D95EF1F5F898300D1405D /* NSString+CZBase64.m in Sources */ = {isa = PBXBuildFile; fileRef = 760D95BF1F5F898300D1405D /* NSString+CZBase64.m */; };
		760D95F01F5F898300D1405D /* NSString+CZHash.m in Sources */ = {isa = PBXBuildFile; fileRef = 760D95C11F5F898300D1405D /* NSString+CZHash.m */; };
		760D95F11F5F898300D1405D /* NSString+CZPath.m in Sources */ = {isa = PBXBuildFile; fileRef = 760D95C31F5F898300D1405D /* NSString+CZPath.m */; };
		760D95F21F5F898300D1405D /* UIButton+CZAddition.m in Sources */ = {isa = PBXBuildFile; fileRef = 760D95C51F5F898300D1405D /* UIButton+CZAddition.m */; };
		760D95F31F5F898300D1405D /* UIColor+CZAddition.m in Sources */ = {isa = PBXBuildFile; fileRef = 760D95C71F5F898300D1405D /* UIColor+CZAddition.m */; };
		760D95F41F5F898300D1405D /* UILabel+CZAddition.m in Sources */ = {isa = PBXBuildFile; fileRef = 760D95C91F5F898300D1405D /* UILabel+CZAddition.m */; };
		760D95F51F5F898300D1405D /* UIScreen+CZAddition.m in Sources */ = {isa = PBXBuildFile; fileRef = 760D95CB1F5F898300D1405D /* UIScreen+CZAddition.m */; };
		760D95F61F5F898300D1405D /* UIView+CZAddition.m in Sources */ = {isa = PBXBuildFile; fileRef = 760D95CD1F5F898300D1405D /* UIView+CZAddition.m */; };
		760D95F71F5F898300D1405D /* UIViewController+CZAddition.m in Sources */ = {isa = PBXBuildFile; fileRef = 760D95CF1F5F898300D1405D /* UIViewController+CZAddition.m */; };
		760D95F81F5F898300D1405D /* Bundle+Extensions.swift in Sources */ = {isa = PBXBuildFile; fileRef = 760D95D11F5F898300D1405D /* Bundle+Extensions.swift */; };
		760D95F91F5F898300D1405D /* Date+Extensions.swift in Sources */ = {isa = PBXBuildFile; fileRef = 760D95D21F5F898300D1405D /* Date+Extensions.swift */; };
		760D95FA1F5F898300D1405D /* Dictionary+extension.swift in Sources */ = {isa = PBXBuildFile; fileRef = 760D95D31F5F898300D1405D /* Dictionary+extension.swift */; };
		760D95FB1F5F898300D1405D /* Double+extension.swift in Sources */ = {isa = PBXBuildFile; fileRef = 760D95D41F5F898300D1405D /* Double+extension.swift */; };
		760D95FC1F5F898300D1405D /* FFLoadXibProtocol.swift in Sources */ = {isa = PBXBuildFile; fileRef = 760D95D51F5F898300D1405D /* FFLoadXibProtocol.swift */; };
		760D95FD1F5F898300D1405D /* FFLocalNotification_Plugin.swift in Sources */ = {isa = PBXBuildFile; fileRef = 760D95D61F5F898300D1405D /* FFLocalNotification_Plugin.swift */; };
		760D95FE1F5F898300D1405D /* Float+extension.swift in Sources */ = {isa = PBXBuildFile; fileRef = 760D95D81F5F898300D1405D /* Float+extension.swift */; };
		760D95FF1F5F898300D1405D /* Int+extension.swift in Sources */ = {isa = PBXBuildFile; fileRef = 760D95D91F5F898300D1405D /* Int+extension.swift */; };
		760D96001F5F898300D1405D /* String+Extensions.swift in Sources */ = {isa = PBXBuildFile; fileRef = 760D95DA1F5F898300D1405D /* String+Extensions.swift */; };
		760D96011F5F898300D1405D /* UIAlertController+extension.swift in Sources */ = {isa = PBXBuildFile; fileRef = 760D95DB1F5F898300D1405D /* UIAlertController+extension.swift */; };
		760D96021F5F898300D1405D /* UIBarButtonItem+Extensions.swift in Sources */ = {isa = PBXBuildFile; fileRef = 760D95DC1F5F898300D1405D /* UIBarButtonItem+Extensions.swift */; };
		760D96031F5F898300D1405D /* UIButton+extension.swift in Sources */ = {isa = PBXBuildFile; fileRef = 760D95DD1F5F898300D1405D /* UIButton+extension.swift */; };
		760D96041F5F898300D1405D /* UIColor+extension.swift in Sources */ = {isa = PBXBuildFile; fileRef = 760D95DE1F5F898300D1405D /* UIColor+extension.swift */; };
		760D96051F5F898300D1405D /* UIImage+Extensions.swift in Sources */ = {isa = PBXBuildFile; fileRef = 760D95DF1F5F898300D1405D /* UIImage+Extensions.swift */; };
		760D96061F5F898300D1405D /* UIImageView+Extensions.swift in Sources */ = {isa = PBXBuildFile; fileRef = 760D95E01F5F898300D1405D /* UIImageView+Extensions.swift */; };
		760D96071F5F898300D1405D /* UISearchBar+Extension.swift in Sources */ = {isa = PBXBuildFile; fileRef = 760D95E11F5F898300D1405D /* UISearchBar+Extension.swift */; };
		760D96081F5F898300D1405D /* UIView+extension.swift in Sources */ = {isa = PBXBuildFile; fileRef = 760D95E21F5F898300D1405D /* UIView+extension.swift */; };
		760D96091F5F898300D1405D /* FFMultiColorLoader.m in Sources */ = {isa = PBXBuildFile; fileRef = 760D95E51F5F898300D1405D /* FFMultiColorLoader.m */; };
		760D960A1F5F898300D1405D /* FFRightBlackAlertView.m in Sources */ = {isa = PBXBuildFile; fileRef = 760D95E71F5F898300D1405D /* FFRightBlackAlertView.m */; };
		760D960B1F5F898300D1405D /* UIView+WrongMessage.m in Sources */ = {isa = PBXBuildFile; fileRef = 760D95E91F5F898300D1405D /* UIView+WrongMessage.m */; };
		760D960C1F5F898300D1405D /* UIViewController+WrongMessage.m in Sources */ = {isa = PBXBuildFile; fileRef = 760D95EB1F5F898300D1405D /* UIViewController+WrongMessage.m */; };
		764098361F3E9E0E002275B3 /* main.m in Sources */ = {isa = PBXBuildFile; fileRef = 764098351F3E9E0E002275B3 /* main.m */; };
		764098391F3E9E0E002275B3 /* AppDelegate.m in Sources */ = {isa = PBXBuildFile; fileRef = 764098381F3E9E0E002275B3 /* AppDelegate.m */; };
		7640983C1F3E9E0F002275B3 /* ViewController.m in Sources */ = {isa = PBXBuildFile; fileRef = 7640983B1F3E9E0F002275B3 /* ViewController.m */; };
		7640983F1F3E9E0F002275B3 /* Main.storyboard in Resources */ = {isa = PBXBuildFile; fileRef = 7640983D1F3E9E0F002275B3 /* Main.storyboard */; };
		764098411F3E9E0F002275B3 /* Assets.xcassets in Resources */ = {isa = PBXBuildFile; fileRef = 764098401F3E9E0F002275B3 /* Assets.xcassets */; };
		764098441F3E9E0F002275B3 /* LaunchScreen.storyboard in Resources */ = {isa = PBXBuildFile; fileRef = 764098421F3E9E0F002275B3 /* LaunchScreen.storyboard */; };
/* End PBXBuildFile section */

/* Begin PBXFileReference section */
		760D95B21F5F866700D1405D /* FFAlert.h */ = {isa = PBXFileReference; fileEncoding = 4; lastKnownFileType = sourcecode.c.h; path = FFAlert.h; sourceTree = "<group>"; };
		760D95B31F5F866700D1405D /* FFAlert.m */ = {isa = PBXFileReference; fileEncoding = 4; lastKnownFileType = sourcecode.c.objc; path = FFAlert.m; sourceTree = "<group>"; };
		760D95B41F5F866700D1405D /* FFAlertHelper.h */ = {isa = PBXFileReference; fileEncoding = 4; lastKnownFileType = sourcecode.c.h; path = FFAlertHelper.h; sourceTree = "<group>"; };
		760D95B71F5F898300D1405D /* CZAdditions.h */ = {isa = PBXFileReference; fileEncoding = 4; lastKnownFileType = sourcecode.c.h; path = CZAdditions.h; sourceTree = "<group>"; };
		760D95B81F5F898300D1405D /* NSArray+Log.h */ = {isa = PBXFileReference; fileEncoding = 4; lastKnownFileType = sourcecode.c.h; path = "NSArray+Log.h"; sourceTree = "<group>"; };
		760D95B91F5F898300D1405D /* NSArray+Log.m */ = {isa = PBXFileReference; fileEncoding = 4; lastKnownFileType = sourcecode.c.objc; path = "NSArray+Log.m"; sourceTree = "<group>"; };
		760D95BA1F5F898300D1405D /* NSAttributedString+CZAdditon.h */ = {isa = PBXFileReference; fileEncoding = 4; lastKnownFileType = sourcecode.c.h; path = "NSAttributedString+CZAdditon.h"; sourceTree = "<group>"; };
		760D95BB1F5F898300D1405D /* NSAttributedString+CZAdditon.m */ = {isa = PBXFileReference; fileEncoding = 4; lastKnownFileType = sourcecode.c.objc; path = "NSAttributedString+CZAdditon.m"; sourceTree = "<group>"; };
		760D95BC1F5F898300D1405D /* NSObject+CZRuntime.h */ = {isa = PBXFileReference; fileEncoding = 4; lastKnownFileType = sourcecode.c.h; path = "NSObject+CZRuntime.h"; sourceTree = "<group>"; };
		760D95BD1F5F898300D1405D /* NSObject+CZRuntime.m */ = {isa = PBXFileReference; fileEncoding = 4; lastKnownFileType = sourcecode.c.objc; path = "NSObject+CZRuntime.m"; sourceTree = "<group>"; };
		760D95BE1F5F898300D1405D /* NSString+CZBase64.h */ = {isa = PBXFileReference; fileEncoding = 4; lastKnownFileType = sourcecode.c.h; path = "NSString+CZBase64.h"; sourceTree = "<group>"; };
		760D95BF1F5F898300D1405D /* NSString+CZBase64.m */ = {isa = PBXFileReference; fileEncoding = 4; lastKnownFileType = sourcecode.c.objc; path = "NSString+CZBase64.m"; sourceTree = "<group>"; };
		760D95C01F5F898300D1405D /* NSString+CZHash.h */ = {isa = PBXFileReference; fileEncoding = 4; lastKnownFileType = sourcecode.c.h; path = "NSString+CZHash.h"; sourceTree = "<group>"; };
		760D95C11F5F898300D1405D /* NSString+CZHash.m */ = {isa = PBXFileReference; fileEncoding = 4; lastKnownFileType = sourcecode.c.objc; path = "NSString+CZHash.m"; sourceTree = "<group>"; };
		760D95C21F5F898300D1405D /* NSString+CZPath.h */ = {isa = PBXFileReference; fileEncoding = 4; lastKnownFileType = sourcecode.c.h; path = "NSString+CZPath.h"; sourceTree = "<group>"; };
		760D95C31F5F898300D1405D /* NSString+CZPath.m */ = {isa = PBXFileReference; fileEncoding = 4; lastKnownFileType = sourcecode.c.objc; path = "NSString+CZPath.m"; sourceTree = "<group>"; };
		760D95C41F5F898300D1405D /* UIButton+CZAddition.h */ = {isa = PBXFileReference; fileEncoding = 4; lastKnownFileType = sourcecode.c.h; path = "UIButton+CZAddition.h"; sourceTree = "<group>"; };
		760D95C51F5F898300D1405D /* UIButton+CZAddition.m */ = {isa = PBXFileReference; fileEncoding = 4; lastKnownFileType = sourcecode.c.objc; path = "UIButton+CZAddition.m"; sourceTree = "<group>"; };
		760D95C61F5F898300D1405D /* UIColor+CZAddition.h */ = {isa = PBXFileReference; fileEncoding = 4; lastKnownFileType = sourcecode.c.h; path = "UIColor+CZAddition.h"; sourceTree = "<group>"; };
		760D95C71F5F898300D1405D /* UIColor+CZAddition.m */ = {isa = PBXFileReference; fileEncoding = 4; lastKnownFileType = sourcecode.c.objc; path = "UIColor+CZAddition.m"; sourceTree = "<group>"; };
		760D95C81F5F898300D1405D /* UILabel+CZAddition.h */ = {isa = PBXFileReference; fileEncoding = 4; lastKnownFileType = sourcecode.c.h; path = "UILabel+CZAddition.h"; sourceTree = "<group>"; };
		760D95C91F5F898300D1405D /* UILabel+CZAddition.m */ = {isa = PBXFileReference; fileEncoding = 4; lastKnownFileType = sourcecode.c.objc; path = "UILabel+CZAddition.m"; sourceTree = "<group>"; };
		760D95CA1F5F898300D1405D /* UIScreen+CZAddition.h */ = {isa = PBXFileReference; fileEncoding = 4; lastKnownFileType = sourcecode.c.h; path = "UIScreen+CZAddition.h"; sourceTree = "<group>"; };
		760D95CB1F5F898300D1405D /* UIScreen+CZAddition.m */ = {isa = PBXFileReference; fileEncoding = 4; lastKnownFileType = sourcecode.c.objc; path = "UIScreen+CZAddition.m"; sourceTree = "<group>"; };
		760D95CC1F5F898300D1405D /* UIView+CZAddition.h */ = {isa = PBXFileReference; fileEncoding = 4; lastKnownFileType = sourcecode.c.h; path = "UIView+CZAddition.h"; sourceTree = "<group>"; };
		760D95CD1F5F898300D1405D /* UIView+CZAddition.m */ = {isa = PBXFileReference; fileEncoding = 4; lastKnownFileType = sourcecode.c.objc; path = "UIView+CZAddition.m"; sourceTree = "<group>"; };
		760D95CE1F5F898300D1405D /* UIViewController+CZAddition.h */ = {isa = PBXFileReference; fileEncoding = 4; lastKnownFileType = sourcecode.c.h; path = "UIViewController+CZAddition.h"; sourceTree = "<group>"; };
		760D95CF1F5F898300D1405D /* UIViewController+CZAddition.m */ = {isa = PBXFileReference; fileEncoding = 4; lastKnownFileType = sourcecode.c.objc; path = "UIViewController+CZAddition.m"; sourceTree = "<group>"; };
		760D95D11F5F898300D1405D /* Bundle+Extensions.swift */ = {isa = PBXFileReference; fileEncoding = 4; lastKnownFileType = sourcecode.swift; path = "Bundle+Extensions.swift"; sourceTree = "<group>"; };
		760D95D21F5F898300D1405D /* Date+Extensions.swift */ = {isa = PBXFileReference; fileEncoding = 4; lastKnownFileType = sourcecode.swift; path = "Date+Extensions.swift"; sourceTree = "<group>"; };
		760D95D31F5F898300D1405D /* Dictionary+extension.swift */ = {isa = PBXFileReference; fileEncoding = 4; lastKnownFileType = sourcecode.swift; path = "Dictionary+extension.swift"; sourceTree = "<group>"; };
		760D95D41F5F898300D1405D /* Double+extension.swift */ = {isa = PBXFileReference; fileEncoding = 4; lastKnownFileType = sourcecode.swift; path = "Double+extension.swift"; sourceTree = "<group>"; };
		760D95D51F5F898300D1405D /* FFLoadXibProtocol.swift */ = {isa = PBXFileReference; fileEncoding = 4; lastKnownFileType = sourcecode.swift; path = FFLoadXibProtocol.swift; sourceTree = "<group>"; };
		760D95D61F5F898300D1405D /* FFLocalNotification_Plugin.swift */ = {isa = PBXFileReference; fileEncoding = 4; lastKnownFileType = sourcecode.swift; path = FFLocalNotification_Plugin.swift; sourceTree = "<group>"; };
		760D95D71F5F898300D1405D /* FFToolModule-Bridging-Header.h */ = {isa = PBXFileReference; fileEncoding = 4; lastKnownFileType = sourcecode.c.h; path = "FFToolModule-Bridging-Header.h"; sourceTree = "<group>"; };
		760D95D81F5F898300D1405D /* Float+extension.swift */ = {isa = PBXFileReference; fileEncoding = 4; lastKnownFileType = sourcecode.swift; path = "Float+extension.swift"; sourceTree = "<group>"; };
		760D95D91F5F898300D1405D /* Int+extension.swift */ = {isa = PBXFileReference; fileEncoding = 4; lastKnownFileType = sourcecode.swift; path = "Int+extension.swift"; sourceTree = "<group>"; };
		760D95DA1F5F898300D1405D /* String+Extensions.swift */ = {isa = PBXFileReference; fileEncoding = 4; lastKnownFileType = sourcecode.swift; path = "String+Extensions.swift"; sourceTree = "<group>"; };
		760D95DB1F5F898300D1405D /* UIAlertController+extension.swift */ = {isa = PBXFileReference; fileEncoding = 4; lastKnownFileType = sourcecode.swift; path = "UIAlertController+extension.swift"; sourceTree = "<group>"; };
		760D95DC1F5F898300D1405D /* UIBarButtonItem+Extensions.swift */ = {isa = PBXFileReference; fileEncoding = 4; lastKnownFileType = sourcecode.swift; path = "UIBarButtonItem+Extensions.swift"; sourceTree = "<group>"; };
		760D95DD1F5F898300D1405D /* UIButton+extension.swift */ = {isa = PBXFileReference; fileEncoding = 4; lastKnownFileType = sourcecode.swift; path = "UIButton+extension.swift"; sourceTree = "<group>"; };
		760D95DE1F5F898300D1405D /* UIColor+extension.swift */ = {isa = PBXFileReference; fileEncoding = 4; lastKnownFileType = sourcecode.swift; path = "UIColor+extension.swift"; sourceTree = "<group>"; };
		760D95DF1F5F898300D1405D /* UIImage+Extensions.swift */ = {isa = PBXFileReference; fileEncoding = 4; lastKnownFileType = sourcecode.swift; path = "UIImage+Extensions.swift"; sourceTree = "<group>"; };
		760D95E01F5F898300D1405D /* UIImageView+Extensions.swift */ = {isa = PBXFileReference; fileEncoding = 4; lastKnownFileType = sourcecode.swift; path = "UIImageView+Extensions.swift"; sourceTree = "<group>"; };
		760D95E11F5F898300D1405D /* UISearchBar+Extension.swift */ = {isa = PBXFileReference; fileEncoding = 4; lastKnownFileType = sourcecode.swift; path = "UISearchBar+Extension.swift"; sourceTree = "<group>"; };
		760D95E21F5F898300D1405D /* UIView+extension.swift */ = {isa = PBXFileReference; fileEncoding = 4; lastKnownFileType = sourcecode.swift; path = "UIView+extension.swift"; sourceTree = "<group>"; };
		760D95E41F5F898300D1405D /* FFMultiColorLoader.h */ = {isa = PBXFileReference; fileEncoding = 4; lastKnownFileType = sourcecode.c.h; path = FFMultiColorLoader.h; sourceTree = "<group>"; };
		760D95E51F5F898300D1405D /* FFMultiColorLoader.m */ = {isa = PBXFileReference; fileEncoding = 4; lastKnownFileType = sourcecode.c.objc; path = FFMultiColorLoader.m; sourceTree = "<group>"; };
		760D95E61F5F898300D1405D /* FFRightBlackAlertView.h */ = {isa = PBXFileReference; fileEncoding = 4; lastKnownFileType = sourcecode.c.h; path = FFRightBlackAlertView.h; sourceTree = "<group>"; };
		760D95E71F5F898300D1405D /* FFRightBlackAlertView.m */ = {isa = PBXFileReference; fileEncoding = 4; lastKnownFileType = sourcecode.c.objc; path = FFRightBlackAlertView.m; sourceTree = "<group>"; };
		760D95E81F5F898300D1405D /* UIView+WrongMessage.h */ = {isa = PBXFileReference; fileEncoding = 4; lastKnownFileType = sourcecode.c.h; path = "UIView+WrongMessage.h"; sourceTree = "<group>"; };
		760D95E91F5F898300D1405D /* UIView+WrongMessage.m */ = {isa = PBXFileReference; fileEncoding = 4; lastKnownFileType = sourcecode.c.objc; path = "UIView+WrongMessage.m"; sourceTree = "<group>"; };
		760D95EA1F5F898300D1405D /* UIViewController+WrongMessage.h */ = {isa = PBXFileReference; fileEncoding = 4; lastKnownFileType = sourcecode.c.h; path = "UIViewController+WrongMessage.h"; sourceTree = "<group>"; };
		760D95EB1F5F898300D1405D /* UIViewController+WrongMessage.m */ = {isa = PBXFileReference; fileEncoding = 4; lastKnownFileType = sourcecode.c.objc; path = "UIViewController+WrongMessage.m"; sourceTree = "<group>"; };
		764098311F3E9E0E002275B3 /* FFToolModule.app */ = {isa = PBXFileReference; explicitFileType = wrapper.application; includeInIndex = 0; path = FFToolModule.app; sourceTree = BUILT_PRODUCTS_DIR; };
		764098351F3E9E0E002275B3 /* main.m */ = {isa = PBXFileReference; lastKnownFileType = sourcecode.c.objc; path = main.m; sourceTree = "<group>"; };
		764098371F3E9E0E002275B3 /* AppDelegate.h */ = {isa = PBXFileReference; lastKnownFileType = sourcecode.c.h; path = AppDelegate.h; sourceTree = "<group>"; };
		764098381F3E9E0E002275B3 /* AppDelegate.m */ = {isa = PBXFileReference; lastKnownFileType = sourcecode.c.objc; path = AppDelegate.m; sourceTree = "<group>"; };
		7640983A1F3E9E0F002275B3 /* ViewController.h */ = {isa = PBXFileReference; lastKnownFileType = sourcecode.c.h; path = ViewController.h; sourceTree = "<group>"; };
		7640983B1F3E9E0F002275B3 /* ViewController.m */ = {isa = PBXFileReference; lastKnownFileType = sourcecode.c.objc; path = ViewController.m; sourceTree = "<group>"; };
		7640983E1F3E9E0F002275B3 /* Base */ = {isa = PBXFileReference; lastKnownFileType = file.storyboard; name = Base; path = Base.lproj/Main.storyboard; sourceTree = "<group>"; };
		764098401F3E9E0F002275B3 /* Assets.xcassets */ = {isa = PBXFileReference; lastKnownFileType = folder.assetcatalog; path = Assets.xcassets; sourceTree = "<group>"; };
		764098431F3E9E0F002275B3 /* Base */ = {isa = PBXFileReference; lastKnownFileType = file.storyboard; name = Base; path = Base.lproj/LaunchScreen.storyboard; sourceTree = "<group>"; };
		764098451F3E9E0F002275B3 /* Info.plist */ = {isa = PBXFileReference; lastKnownFileType = text.plist.xml; path = Info.plist; sourceTree = "<group>"; };
/* End PBXFileReference section */

/* Begin PBXFrameworksBuildPhase section */
		7640982E1F3E9E0E002275B3 /* Frameworks */ = {
			isa = PBXFrameworksBuildPhase;
			buildActionMask = 2147483647;
			files = (
			);
			runOnlyForDeploymentPostprocessing = 0;
		};
/* End PBXFrameworksBuildPhase section */

/* Begin PBXGroup section */
		760D95B11F5F863800D1405D /* FFAlert */ = {
			isa = PBXGroup;
			children = (
				760D95B21F5F866700D1405D /* FFAlert.h */,
				760D95B31F5F866700D1405D /* FFAlert.m */,
				760D95B41F5F866700D1405D /* FFAlertHelper.h */,
			);
			path = FFAlert;
			sourceTree = "<group>";
		};
		760D95B61F5F898300D1405D /* OC_Category */ = {
			isa = PBXGroup;
			children = (
				760D95B71F5F898300D1405D /* CZAdditions.h */,
				760D95B81F5F898300D1405D /* NSArray+Log.h */,
				760D95B91F5F898300D1405D /* NSArray+Log.m */,
				760D95BA1F5F898300D1405D /* NSAttributedString+CZAdditon.h */,
				760D95BB1F5F898300D1405D /* NSAttributedString+CZAdditon.m */,
				760D95BC1F5F898300D1405D /* NSObject+CZRuntime.h */,
				760D95BD1F5F898300D1405D /* NSObject+CZRuntime.m */,
				760D95BE1F5F898300D1405D /* NSString+CZBase64.h */,
				760D95BF1F5F898300D1405D /* NSString+CZBase64.m */,
				760D95C01F5F898300D1405D /* NSString+CZHash.h */,
				760D95C11F5F898300D1405D /* NSString+CZHash.m */,
				760D95C21F5F898300D1405D /* NSString+CZPath.h */,
				760D95C31F5F898300D1405D /* NSString+CZPath.m */,
				760D95C41F5F898300D1405D /* UIButton+CZAddition.h */,
				760D95C51F5F898300D1405D /* UIButton+CZAddition.m */,
				760D95C61F5F898300D1405D /* UIColor+CZAddition.h */,
				760D95C71F5F898300D1405D /* UIColor+CZAddition.m */,
				760D95C81F5F898300D1405D /* UILabel+CZAddition.h */,
				760D95C91F5F898300D1405D /* UILabel+CZAddition.m */,
				760D95CA1F5F898300D1405D /* UIScreen+CZAddition.h */,
				760D95CB1F5F898300D1405D /* UIScreen+CZAddition.m */,
				760D95CC1F5F898300D1405D /* UIView+CZAddition.h */,
				760D95CD1F5F898300D1405D /* UIView+CZAddition.m */,
				760D95CE1F5F898300D1405D /* UIViewController+CZAddition.h */,
				760D95CF1F5F898300D1405D /* UIViewController+CZAddition.m */,
			);
			path = OC_Category;
			sourceTree = "<group>";
		};
		760D95D01F5F898300D1405D /* Swfit_Extension */ = {
			isa = PBXGroup;
			children = (
				760D95D11F5F898300D1405D /* Bundle+Extensions.swift */,
				760D95D21F5F898300D1405D /* Date+Extensions.swift */,
				760D95D31F5F898300D1405D /* Dictionary+extension.swift */,
				760D95D41F5F898300D1405D /* Double+extension.swift */,
				760D95D51F5F898300D1405D /* FFLoadXibProtocol.swift */,
				760D95D61F5F898300D1405D /* FFLocalNotification_Plugin.swift */,
				760D95D71F5F898300D1405D /* FFToolModule-Bridging-Header.h */,
				760D95D81F5F898300D1405D /* Float+extension.swift */,
				760D95D91F5F898300D1405D /* Int+extension.swift */,
				760D95DA1F5F898300D1405D /* String+Extensions.swift */,
				760D95DB1F5F898300D1405D /* UIAlertController+extension.swift */,
				760D95DC1F5F898300D1405D /* UIBarButtonItem+Extensions.swift */,
				760D95DD1F5F898300D1405D /* UIButton+extension.swift */,
				760D95DE1F5F898300D1405D /* UIColor+extension.swift */,
				760D95DF1F5F898300D1405D /* UIImage+Extensions.swift */,
				760D95E01F5F898300D1405D /* UIImageView+Extensions.swift */,
				760D95E11F5F898300D1405D /* UISearchBar+Extension.swift */,
				760D95E21F5F898300D1405D /* UIView+extension.swift */,
			);
			path = Swfit_Extension;
			sourceTree = "<group>";
		};
		760D95E31F5F898300D1405D /* Wrong_Alert */ = {
			isa = PBXGroup;
			children = (
				760D95E41F5F898300D1405D /* FFMultiColorLoader.h */,
				760D95E51F5F898300D1405D /* FFMultiColorLoader.m */,
				760D95E61F5F898300D1405D /* FFRightBlackAlertView.h */,
				760D95E71F5F898300D1405D /* FFRightBlackAlertView.m */,
				760D95E81F5F898300D1405D /* UIView+WrongMessage.h */,
				760D95E91F5F898300D1405D /* UIView+WrongMessage.m */,
				760D95EA1F5F898300D1405D /* UIViewController+WrongMessage.h */,
				760D95EB1F5F898300D1405D /* UIViewController+WrongMessage.m */,
			);
			path = Wrong_Alert;
			sourceTree = "<group>";
		};
		764098281F3E9E0E002275B3 = {
			isa = PBXGroup;
			children = (
				764098331F3E9E0E002275B3 /* FFToolModule */,
				764098321F3E9E0E002275B3 /* Products */,
			);
			sourceTree = "<group>";
		};
		764098321F3E9E0E002275B3 /* Products */ = {
			isa = PBXGroup;
			children = (
				764098311F3E9E0E002275B3 /* FFToolModule.app */,
			);
			name = Products;
			sourceTree = "<group>";
		};
		764098331F3E9E0E002275B3 /* FFToolModule */ = {
			isa = PBXGroup;
			children = (
				7640984C1F3E9E2A002275B3 /* Files */,
				764098371F3E9E0E002275B3 /* AppDelegate.h */,
				764098381F3E9E0E002275B3 /* AppDelegate.m */,
				7640983A1F3E9E0F002275B3 /* ViewController.h */,
				7640983B1F3E9E0F002275B3 /* ViewController.m */,
				7640983D1F3E9E0F002275B3 /* Main.storyboard */,
				764098401F3E9E0F002275B3 /* Assets.xcassets */,
				764098421F3E9E0F002275B3 /* LaunchScreen.storyboard */,
				764098451F3E9E0F002275B3 /* Info.plist */,
				764098341F3E9E0E002275B3 /* Supporting Files */,
			);
			path = FFToolModule;
			sourceTree = "<group>";
		};
		764098341F3E9E0E002275B3 /* Supporting Files */ = {
			isa = PBXGroup;
			children = (
				764098351F3E9E0E002275B3 /* main.m */,
			);
			name = "Supporting Files";
			sourceTree = "<group>";
		};
		7640984C1F3E9E2A002275B3 /* Files */ = {
			isa = PBXGroup;
			children = (
				760D95B61F5F898300D1405D /* OC_Category */,
				760D95D01F5F898300D1405D /* Swfit_Extension */,
				760D95E31F5F898300D1405D /* Wrong_Alert */,
				760D95B11F5F863800D1405D /* FFAlert */,
			);
			path = Files;
			sourceTree = "<group>";
		};
/* End PBXGroup section */

/* Begin PBXNativeTarget section */
		764098301F3E9E0E002275B3 /* FFToolModule */ = {
			isa = PBXNativeTarget;
			buildConfigurationList = 764098481F3E9E0F002275B3 /* Build configuration list for PBXNativeTarget "FFToolModule" */;
			buildPhases = (
				7640982D1F3E9E0E002275B3 /* Sources */,
				7640982E1F3E9E0E002275B3 /* Frameworks */,
				7640982F1F3E9E0E002275B3 /* Resources */,
			);
			buildRules = (
			);
			dependencies = (
			);
			name = FFToolModule;
			productName = FFToolModule;
			productReference = 764098311F3E9E0E002275B3 /* FFToolModule.app */;
			productType = "com.apple.product-type.application";
		};
/* End PBXNativeTarget section */

/* Begin PBXProject section */
		764098291F3E9E0E002275B3 /* Project object */ = {
			isa = PBXProject;
			attributes = {
				LastUpgradeCheck = 0830;
				ORGANIZATIONNAME = "郑强飞";
				TargetAttributes = {
					764098301F3E9E0E002275B3 = {
						CreatedOnToolsVersion = 8.3.3;
						DevelopmentTeam = K98YT9TVZM;
						LastSwiftMigration = 0830;
						ProvisioningStyle = Automatic;
					};
				};
			};
			buildConfigurationList = 7640982C1F3E9E0E002275B3 /* Build configuration list for PBXProject "FFToolModule" */;
			compatibilityVersion = "Xcode 3.2";
			developmentRegion = English;
			hasScannedForEncodings = 0;
			knownRegions = (
				en,
				Base,
			);
			mainGroup = 764098281F3E9E0E002275B3;
			productRefGroup = 764098321F3E9E0E002275B3 /* Products */;
			projectDirPath = "";
			projectRoot = "";
			targets = (
				764098301F3E9E0E002275B3 /* FFToolModule */,
			);
		};
/* End PBXProject section */

/* Begin PBXResourcesBuildPhase section */
		7640982F1F3E9E0E002275B3 /* Resources */ = {
			isa = PBXResourcesBuildPhase;
			buildActionMask = 2147483647;
			files = (
				764098441F3E9E0F002275B3 /* LaunchScreen.storyboard in Resources */,
				764098411F3E9E0F002275B3 /* Assets.xcassets in Resources */,
				7640983F1F3E9E0F002275B3 /* Main.storyboard in Resources */,
			);
			runOnlyForDeploymentPostprocessing = 0;
		};
/* End PBXResourcesBuildPhase section */

/* Begin PBXSourcesBuildPhase section */
		7640982D1F3E9E0E002275B3 /* Sources */ = {
			isa = PBXSourcesBuildPhase;
			buildActionMask = 2147483647;
			files = (
				760D96091F5F898300D1405D /* FFMultiColorLoader.m in Sources */,
				760D96021F5F898300D1405D /* UIBarButtonItem+Extensions.swift in Sources */,
				760D95EC1F5F898300D1405D /* NSArray+Log.m in Sources */,
				760D95F11F5F898300D1405D /* NSString+CZPath.m in Sources */,
				760D95F01F5F898300D1405D /* NSString+CZHash.m in Sources */,
				760D95F81F5F898300D1405D /* Bundle+Extensions.swift in Sources */,
				7640983C1F3E9E0F002275B3 /* ViewController.m in Sources */,
				760D95F51F5F898300D1405D /* UIScreen+CZAddition.m in Sources */,
				760D96071F5F898300D1405D /* UISearchBar+Extension.swift in Sources */,
				760D95F41F5F898300D1405D /* UILabel+CZAddition.m in Sources */,
				760D95F21F5F898300D1405D /* UIButton+CZAddition.m in Sources */,
				760D96011F5F898300D1405D /* UIAlertController+extension.swift in Sources */,
				760D95EE1F5F898300D1405D /* NSObject+CZRuntime.m in Sources */,
				760D95EF1F5F898300D1405D /* NSString+CZBase64.m in Sources */,
				760D96061F5F898300D1405D /* UIImageView+Extensions.swift in Sources */,
				760D95FE1F5F898300D1405D /* Float+extension.swift in Sources */,
				760D96031F5F898300D1405D /* UIButton+extension.swift in Sources */,
				760D95FC1F5F898300D1405D /* FFLoadXibProtocol.swift in Sources */,
				760D95F71F5F898300D1405D /* UIViewController+CZAddition.m in Sources */,
				760D960A1F5F898300D1405D /* FFRightBlackAlertView.m in Sources */,
				760D95FD1F5F898300D1405D /* FFLocalNotification_Plugin.swift in Sources */,
				760D95F91F5F898300D1405D /* Date+Extensions.swift in Sources */,
				760D960B1F5F898300D1405D /* UIView+WrongMessage.m in Sources */,
				760D96001F5F898300D1405D /* String+Extensions.swift in Sources */,
				760D96081F5F898300D1405D /* UIView+extension.swift in Sources */,
				760D95F61F5F898300D1405D /* UIView+CZAddition.m in Sources */,
				760D95ED1F5F898300D1405D /* NSAttributedString+CZAdditon.m in Sources */,
				760D95FF1F5F898300D1405D /* Int+extension.swift in Sources */,
				760D960C1F5F898300D1405D /* UIViewController+WrongMessage.m in Sources */,
				760D95FA1F5F898300D1405D /* Dictionary+extension.swift in Sources */,
				760D95F31F5F898300D1405D /* UIColor+CZAddition.m in Sources */,
				760D95FB1F5F898300D1405D /* Double+extension.swift in Sources */,
				764098391F3E9E0E002275B3 /* AppDelegate.m in Sources */,
				760D95B51F5F866700D1405D /* FFAlert.m in Sources */,
				760D96051F5F898300D1405D /* UIImage+Extensions.swift in Sources */,
				764098361F3E9E0E002275B3 /* main.m in Sources */,
				760D96041F5F898300D1405D /* UIColor+extension.swift in Sources */,
			);
			runOnlyForDeploymentPostprocessing = 0;
		};
/* End PBXSourcesBuildPhase section */

/* Begin PBXVariantGroup section */
		7640983D1F3E9E0F002275B3 /* Main.storyboard */ = {
			isa = PBXVariantGroup;
			children = (
				7640983E1F3E9E0F002275B3 /* Base */,
			);
			name = Main.storyboard;
			sourceTree = "<group>";
		};
		764098421F3E9E0F002275B3 /* LaunchScreen.storyboard */ = {
			isa = PBXVariantGroup;
			children = (
				764098431F3E9E0F002275B3 /* Base */,
			);
			name = LaunchScreen.storyboard;
			sourceTree = "<group>";
		};
/* End PBXVariantGroup section */

/* Begin XCBuildConfiguration section */
		764098461F3E9E0F002275B3 /* Debug */ = {
			isa = XCBuildConfiguration;
			buildSettings = {
				ALWAYS_SEARCH_USER_PATHS = NO;
				CLANG_ANALYZER_NONNULL = YES;
				CLANG_ANALYZER_NUMBER_OBJECT_CONVERSION = YES_AGGRESSIVE;
				CLANG_CXX_LANGUAGE_STANDARD = "gnu++0x";
				CLANG_CXX_LIBRARY = "libc++";
				CLANG_ENABLE_MODULES = YES;
				CLANG_ENABLE_OBJC_ARC = YES;
				CLANG_WARN_BOOL_CONVERSION = YES;
				CLANG_WARN_CONSTANT_CONVERSION = YES;
				CLANG_WARN_DIRECT_OBJC_ISA_USAGE = YES_ERROR;
				CLANG_WARN_DOCUMENTATION_COMMENTS = YES;
				CLANG_WARN_EMPTY_BODY = YES;
				CLANG_WARN_ENUM_CONVERSION = YES;
				CLANG_WARN_INFINITE_RECURSION = YES;
				CLANG_WARN_INT_CONVERSION = YES;
				CLANG_WARN_OBJC_ROOT_CLASS = YES_ERROR;
				CLANG_WARN_SUSPICIOUS_MOVE = YES;
				CLANG_WARN_UNREACHABLE_CODE = YES;
				CLANG_WARN__DUPLICATE_METHOD_MATCH = YES;
				"CODE_SIGN_IDENTITY[sdk=iphoneos*]" = "iPhone Developer";
				COPY_PHASE_STRIP = NO;
				DEBUG_INFORMATION_FORMAT = dwarf;
				ENABLE_STRICT_OBJC_MSGSEND = YES;
				ENABLE_TESTABILITY = YES;
				GCC_C_LANGUAGE_STANDARD = gnu99;
				GCC_DYNAMIC_NO_PIC = NO;
				GCC_NO_COMMON_BLOCKS = YES;
				GCC_OPTIMIZATION_LEVEL = 0;
				GCC_PREPROCESSOR_DEFINITIONS = (
					"DEBUG=1",
					"$(inherited)",
				);
				GCC_WARN_64_TO_32_BIT_CONVERSION = YES;
				GCC_WARN_ABOUT_RETURN_TYPE = YES_ERROR;
				GCC_WARN_UNDECLARED_SELECTOR = YES;
				GCC_WARN_UNINITIALIZED_AUTOS = YES_AGGRESSIVE;
				GCC_WARN_UNUSED_FUNCTION = YES;
				GCC_WARN_UNUSED_VARIABLE = YES;
				IPHONEOS_DEPLOYMENT_TARGET = 10.3;
				MTL_ENABLE_DEBUG_INFO = YES;
				ONLY_ACTIVE_ARCH = YES;
				SDKROOT = iphoneos;
			};
			name = Debug;
		};
		764098471F3E9E0F002275B3 /* Release */ = {
			isa = XCBuildConfiguration;
			buildSettings = {
				ALWAYS_SEARCH_USER_PATHS = NO;
				CLANG_ANALYZER_NONNULL = YES;
				CLANG_ANALYZER_NUMBER_OBJECT_CONVERSION = YES_AGGRESSIVE;
				CLANG_CXX_LANGUAGE_STANDARD = "gnu++0x";
				CLANG_CXX_LIBRARY = "libc++";
				CLANG_ENABLE_MODULES = YES;
				CLANG_ENABLE_OBJC_ARC = YES;
				CLANG_WARN_BOOL_CONVERSION = YES;
				CLANG_WARN_CONSTANT_CONVERSION = YES;
				CLANG_WARN_DIRECT_OBJC_ISA_USAGE = YES_ERROR;
				CLANG_WARN_DOCUMENTATION_COMMENTS = YES;
				CLANG_WARN_EMPTY_BODY = YES;
				CLANG_WARN_ENUM_CONVERSION = YES;
				CLANG_WARN_INFINITE_RECURSION = YES;
				CLANG_WARN_INT_CONVERSION = YES;
				CLANG_WARN_OBJC_ROOT_CLASS = YES_ERROR;
				CLANG_WARN_SUSPICIOUS_MOVE = YES;
				CLANG_WARN_UNREACHABLE_CODE = YES;
				CLANG_WARN__DUPLICATE_METHOD_MATCH = YES;
				"CODE_SIGN_IDENTITY[sdk=iphoneos*]" = "iPhone Developer";
				COPY_PHASE_STRIP = NO;
				DEBUG_INFORMATION_FORMAT = "dwarf-with-dsym";
				ENABLE_NS_ASSERTIONS = NO;
				ENABLE_STRICT_OBJC_MSGSEND = YES;
				GCC_C_LANGUAGE_STANDARD = gnu99;
				GCC_NO_COMMON_BLOCKS = YES;
				GCC_WARN_64_TO_32_BIT_CONVERSION = YES;
				GCC_WARN_ABOUT_RETURN_TYPE = YES_ERROR;
				GCC_WARN_UNDECLARED_SELECTOR = YES;
				GCC_WARN_UNINITIALIZED_AUTOS = YES_AGGRESSIVE;
				GCC_WARN_UNUSED_FUNCTION = YES;
				GCC_WARN_UNUSED_VARIABLE = YES;
				IPHONEOS_DEPLOYMENT_TARGET = 10.3;
				MTL_ENABLE_DEBUG_INFO = NO;
				SDKROOT = iphoneos;
				VALIDATE_PRODUCT = YES;
			};
			name = Release;
		};
		764098491F3E9E0F002275B3 /* Debug */ = {
			isa = XCBuildConfiguration;
			buildSettings = {
				ASSETCATALOG_COMPILER_APPICON_NAME = AppIcon;
				CLANG_ENABLE_MODULES = YES;
				DEVELOPMENT_TEAM = K98YT9TVZM;
				INFOPLIST_FILE = FFToolModule/Info.plist;
				IPHONEOS_DEPLOYMENT_TARGET = 9.0;
				LD_RUNPATH_SEARCH_PATHS = "$(inherited) @executable_path/Frameworks";
				PRODUCT_BUNDLE_IDENTIFIER = WX.FFToolModule;
				PRODUCT_NAME = "$(TARGET_NAME)";
				SWIFT_OBJC_BRIDGING_HEADER = "FFToolModule/Files/Swfit_Extension/FFToolModule-Bridging-Header.h";
				SWIFT_OPTIMIZATION_LEVEL = "-Onone";
				SWIFT_VERSION = 3.0;
			};
			name = Debug;
		};
		7640984A1F3E9E0F002275B3 /* Release */ = {
			isa = XCBuildConfiguration;
			buildSettings = {
				ASSETCATALOG_COMPILER_APPICON_NAME = AppIcon;
				CLANG_ENABLE_MODULES = YES;
				DEVELOPMENT_TEAM = K98YT9TVZM;
				INFOPLIST_FILE = FFToolModule/Info.plist;
				IPHONEOS_DEPLOYMENT_TARGET = 9.0;
				LD_RUNPATH_SEARCH_PATHS = "$(inherited) @executable_path/Frameworks";
				PRODUCT_BUNDLE_IDENTIFIER = WX.FFToolModule;
				PRODUCT_NAME = "$(TARGET_NAME)";
				SWIFT_OBJC_BRIDGING_HEADER = "FFToolModule/Files/Swfit_Extension/FFToolModule-Bridging-Header.h";
				SWIFT_VERSION = 3.0;
			};
			name = Release;
		};
/* End XCBuildConfiguration section */

/* Begin XCConfigurationList section */
		7640982C1F3E9E0E002275B3 /* Build configuration list for PBXProject "FFToolModule" */ = {
			isa = XCConfigurationList;
			buildConfigurations = (
				764098461F3E9E0F002275B3 /* Debug */,
				764098471F3E9E0F002275B3 /* Release */,
			);
			defaultConfigurationIsVisible = 0;
			defaultConfigurationName = Release;
		};
		764098481F3E9E0F002275B3 /* Build configuration list for PBXNativeTarget "FFToolModule" */ = {
			isa = XCConfigurationList;
			buildConfigurations = (
				764098491F3E9E0F002275B3 /* Debug */,
				7640984A1F3E9E0F002275B3 /* Release */,
			);
			defaultConfigurationIsVisible = 0;
			defaultConfigurationName = Release;
		};
/* End XCConfigurationList section */
	};
	rootObject = 764098291F3E9E0E002275B3 /* Project object */;
}
